
Microsoft Visual Studio Solution File, Format Version 12.00
# Visual Studio Version 16
VisualStudioVersion = 16.0.30320.27
MinimumVisualStudioVersion = 10.0.40219.1
Project("{FAE04EC0-301F-11D3-BF4B-00C04F79EFBC}") = "CRUDMsAccess", "CRUDMsAccess.csproj", "{AB0F1394-65B2-46A7-B765-23B736D6C71D}"
EndProject
Global
	GlobalSection(SolutionConfigurationPlatforms) = preSolution
		Debug|Any CPU = Debug|Any CPU
		Release|Any CPU = Release|Any CPU
	EndGlobalSection
	GlobalSection(ProjectConfigurationPlatforms) = postSolution
		{AB0F1394-65B2-46A7-B765-23B736D6C71D}.Debug|Any CPU.ActiveCfg = Debug|Any CPU
		{AB0F1394-65B2-46A7-B765-23B736D6C71D}.Debug|Any CPU.Build.0 = Debug|Any CPU
		{AB0F1394-65B2-46A7-B765-23B736D6C71D}.Release|Any CPU.ActiveCfg = Release|Any CPU
		{AB0F1394-65B2-46A7-B765-23B736D6C71D}.Release|Any CPU.Build.0 = Release|Any CPU
	EndGlobalSection
	GlobalSection(SolutionProperties) = preSolution
		HideSolutionNode = FALSE
	EndGlobalSection
	GlobalSection(ExtensibilityGlobals) = postSolution
		SolutionGuid = {431D3D3C-C987-4225-95CF-FB3EB563A592}
	EndGlobalSection
EndGlobal
